// !$*UTF8*$!
{
	archiveVersion = 1;
	classes = {
	};
	objectVersion = 50;
	objects = {

/* Begin PBXBuildFile section */
		0B0B280227621F9200ADEC84 /* Page3.swift in Sources */ = {isa = PBXBuildFile; fileRef = 0B0B280127621F9100ADEC84 /* Page3.swift */; };
		0B1F67EC27609EBD00F2832A /* AppDelegate.swift in Sources */ = {isa = PBXBuildFile; fileRef = 0B1F67EB27609EBD00F2832A /* AppDelegate.swift */; };
		0B1F67EE27609EBD00F2832A /* ViewController.swift in Sources */ = {isa = PBXBuildFile; fileRef = 0B1F67ED27609EBD00F2832A /* ViewController.swift */; };
		0B1F67F127609EBD00F2832A /* Main.storyboard in Resources */ = {isa = PBXBuildFile; fileRef = 0B1F67EF27609EBD00F2832A /* Main.storyboard */; };
		0B1F67F327609EBE00F2832A /* Assets.xcassets in Resources */ = {isa = PBXBuildFile; fileRef = 0B1F67F227609EBE00F2832A /* Assets.xcassets */; };
		0B1F67F627609EBE00F2832A /* LaunchScreen.storyboard in Resources */ = {isa = PBXBuildFile; fileRef = 0B1F67F427609EBE00F2832A /* LaunchScreen.storyboard */; };
		0B1F67FE27609ED700F2832A /* Page1.swift in Sources */ = {isa = PBXBuildFile; fileRef = 0B1F67FD27609ED700F2832A /* Page1.swift */; };
		0B1F68002760A30C00F2832A /* Extension.swift in Sources */ = {isa = PBXBuildFile; fileRef = 0B1F67FF2760A30C00F2832A /* Extension.swift */; };
		0B1F68022760B5E700F2832A /* Page2.swift in Sources */ = {isa = PBXBuildFile; fileRef = 0B1F68012760B5E700F2832A /* Page2.swift */; };
/* End PBXBuildFile section */

/* Begin PBXFileReference section */
		0B0B280127621F9100ADEC84 /* Page3.swift */ = {isa = PBXFileReference; lastKnownFileType = sourcecode.swift; path = Page3.swift; sourceTree = "<group>"; };
		0B1F67E827609EBD00F2832A /* AllUIControlsDemo.app */ = {isa = PBXFileReference; explicitFileType = wrapper.application; includeInIndex = 0; path = AllUIControlsDemo.app; sourceTree = BUILT_PRODUCTS_DIR; };
		0B1F67EB27609EBD00F2832A /* AppDelegate.swift */ = {isa = PBXFileReference; lastKnownFileType = sourcecode.swift; path = AppDelegate.swift; sourceTree = "<group>"; };
		0B1F67ED27609EBD00F2832A /* ViewController.swift */ = {isa = PBXFileReference; lastKnownFileType = sourcecode.swift; path = ViewController.swift; sourceTree = "<group>"; };
		0B1F67F027609EBD00F2832A /* Base */ = {isa = PBXFileReference; lastKnownFileType = file.storyboard; name = Base; path = Base.lproj/Main.storyboard; sourceTree = "<group>"; };
		0B1F67F227609EBE00F2832A /* Assets.xcassets */ = {isa = PBXFileReference; lastKnownFileType = folder.assetcatalog; path = Assets.xcassets; sourceTree = "<group>"; };
		0B1F67F527609EBE00F2832A /* Base */ = {isa = PBXFileReference; lastKnownFileType = file.storyboard; name = Base; path = Base.lproj/LaunchScreen.storyboard; sourceTree = "<group>"; };
		0B1F67F727609EBE00F2832A /* Info.plist */ = {isa = PBXFileReference; lastKnownFileType = text.plist.xml; path = Info.plist; sourceTree = "<group>"; };
		0B1F67FD27609ED700F2832A /* Page1.swift */ = {isa = PBXFileReference; lastKnownFileType = sourcecode.swift; path = Page1.swift; sourceTree = "<group>"; };
		0B1F67FF2760A30C00F2832A /* Extension.swift */ = {isa = PBXFileReference; lastKnownFileType = sourcecode.swift; path = Extension.swift; sourceTree = "<group>"; };
		0B1F68012760B5E700F2832A /* Page2.swift */ = {isa = PBXFileReference; lastKnownFileType = sourcecode.swift; path = Page2.swift; sourceTree = "<group>"; };
/* End PBXFileReference section */

/* Begin PBXFrameworksBuildPhase section */
		0B1F67E527609EBD00F2832A /* Frameworks */ = {
			isa = PBXFrameworksBuildPhase;
			buildActionMask = 2147483647;
			files = (
			);
			runOnlyForDeploymentPostprocessing = 0;
		};
/* End PBXFrameworksBuildPhase section */

/* Begin PBXGroup section */
		0B1F67DF27609EBD00F2832A = {
			isa = PBXGroup;
			children = (
				0B1F67EA27609EBD00F2832A /* AllUIControlsDemo */,
				0B1F67E927609EBD00F2832A /* Products */,
			);
			sourceTree = "<group>";
		};
		0B1F67E927609EBD00F2832A /* Products */ = {
			isa = PBXGroup;
			children = (
				0B1F67E827609EBD00F2832A /* AllUIControlsDemo.app */,
			);
			name = Products;
			sourceTree = "<group>";
		};
		0B1F67EA27609EBD00F2832A /* AllUIControlsDemo */ = {
			isa = PBXGroup;
			children = (
				0B1F67EB27609EBD00F2832A /* AppDelegate.swift */,
				0B1F67ED27609EBD00F2832A /* ViewController.swift */,
				0B1F67EF27609EBD00F2832A /* Main.storyboard */,
				0B1F67F227609EBE00F2832A /* Assets.xcassets */,
				0B1F67F427609EBE00F2832A /* LaunchScreen.storyboard */,
				0B1F67F727609EBE00F2832A /* Info.plist */,
				0B1F67FD27609ED700F2832A /* Page1.swift */,
				0B1F67FF2760A30C00F2832A /* Extension.swift */,
				0B1F68012760B5E700F2832A /* Page2.swift */,
				0B0B280127621F9100ADEC84 /* Page3.swift */,
			);
			path = AllUIControlsDemo;
			sourceTree = "<group>";
		};
/* End PBXGroup section */

/* Begin PBXNativeTarget section */
		0B1F67E727609EBD00F2832A /* AllUIControlsDemo */ = {
			isa = PBXNativeTarget;
			buildConfigurationList = 0B1F67FA27609EBE00F2832A /* Build configuration list for PBXNativeTarget "AllUIControlsDemo" */;
			buildPhases = (
				0B1F67E427609EBD00F2832A /* Sources */,
				0B1F67E527609EBD00F2832A /* Frameworks */,
				0B1F67E627609EBD00F2832A /* Resources */,
			);
			buildRules = (
			);
			dependencies = (
			);
			name = AllUIControlsDemo;
			productName = AllUIControlsDemo;
			productReference = 0B1F67E827609EBD00F2832A /* AllUIControlsDemo.app */;
			productType = "com.apple.product-type.application";
		};
/* End PBXNativeTarget section */

/* Begin PBXProject section */
		0B1F67E027609EBD00F2832A /* Project object */ = {
			isa = PBXProject;
			attributes = {
				LastSwiftUpdateCheck = 1020;
				LastUpgradeCheck = 1020;
				ORGANIZATIONNAME = DCS;
				TargetAttributes = {
					0B1F67E727609EBD00F2832A = {
						CreatedOnToolsVersion = 10.2.1;
					};
				};
			};
			buildConfigurationList = 0B1F67E327609EBD00F2832A /* Build configuration list for PBXProject "AllUIControlsDemo" */;
			compatibilityVersion = "Xcode 9.3";
			developmentRegion = en;
			hasScannedForEncodings = 0;
			knownRegions = (
				en,
				Base,
			);
			mainGroup = 0B1F67DF27609EBD00F2832A;
			productRefGroup = 0B1F67E927609EBD00F2832A /* Products */;
			projectDirPath = "";
			projectRoot = "";
			targets = (
				0B1F67E727609EBD00F2832A /* AllUIControlsDemo */,
			);
		};
/* End PBXProject section */

/* Begin PBXResourcesBuildPhase section */
		0B1F67E627609EBD00F2832A /* Resources */ = {
			isa = PBXResourcesBuildPhase;
			buildActionMask = 2147483647;
			files = (
				0B1F67F627609EBE00F2832A /* LaunchScreen.storyboard in Resources */,
				0B1F67F327609EBE00F2832A /* Assets.xcassets in Resources */,
				0B1F67F127609EBD00F2832A /* Main.storyboard in Resources */,
			);
			runOnlyForDeploymentPostprocessing = 0;
		};
/* End PBXResourcesBuildPhase section */

/* Begin PBXSourcesBuildPhase section */
		0B1F67E427609EBD00F2832A /* Sources */ = {
			isa = PBXSourcesBuildPhase;
			buildActionMask = 2147483647;
			files = (
				0B1F67EE27609EBD00F2832A /* ViewController.swift in Sources */,
				0B1F67EC27609EBD00F2832A /* AppDelegate.swift in Sources */,
				0B0B280227621F9200ADEC84 /* Page3.swift in Sources */,
				0B1F67FE27609ED700F2832A /* Page1.swift in Sources */,
				0B1F68002760A30C00F2832A /* Extension.swift in Sources */,
				0B1F68022760B5E700F2832A /* Page2.swift in Sources */,
			);
			runOnlyForDeploymentPostprocessing = 0;
		};
/* End PBXSourcesBuildPhase section */

/* Begin PBXVariantGroup section */
		0B1F67EF27609EBD00F2832A /* Main.storyboard */ = {
			isa = PBXVariantGroup;
			children = (
				0B1F67F027609EBD00F2832A /* Base */,
			);
			name = Main.storyboard;
			sourceTree = "<group>";
		};
		0B1F67F427609EBE00F2832A /* LaunchScreen.storyboard */ = {
			isa = PBXVariantGroup;
			children = (
				0B1F67F527609EBE00F2832A /* Base */,
			);
			name = LaunchScreen.storyboard;
			sourceTree = "<group>";
		};
/* End PBXVariantGroup section */

/* Begin XCBuildConfiguration section */
		0B1F67F827609EBE00F2832A /* Debug */ = {
			isa = XCBuildConfiguration;
			buildSettings = {
				ALWAYS_SEARCH_USER_PATHS = NO;
				CLANG_ANALYZER_NONNULL = YES;
				CLANG_ANALYZER_NUMBER_OBJECT_CONVERSION = YES_AGGRESSIVE;
				CLANG_CXX_LANGUAGE_STANDARD = "gnu++14";
				CLANG_CXX_LIBRARY = "libc++";
				CLANG_ENABLE_MODULES = YES;
				CLANG_ENABLE_OBJC_ARC = YES;
				CLANG_ENABLE_OBJC_WEAK = YES;
				CLANG_WARN_BLOCK_CAPTURE_AUTORELEASING = YES;
				CLANG_WARN_BOOL_CONVERSION = YES;
				CLANG_WARN_COMMA = YES;
				CLANG_WARN_CONSTANT_CONVERSION = YES;
				CLANG_WARN_DEPRECATED_OBJC_IMPLEMENTATIONS = YES;
				CLANG_WARN_DIRECT_OBJC_ISA_USAGE = YES_ERROR;
				CLANG_WARN_DOCUMENTATION_COMMENTS = YES;
				CLANG_WARN_EMPTY_BODY = YES;
				CLANG_WARN_ENUM_CONVERSION = YES;
				CLANG_WARN_INFINITE_RECURSION = YES;
				CLANG_WARN_INT_CONVERSION = YES;
				CLANG_WARN_NON_LITERAL_NULL_CONVERSION = YES;
				CLANG_WARN_OBJC_IMPLICIT_RETAIN_SELF = YES;
				CLANG_WARN_OBJC_LITERAL_CONVERSION = YES;
				CLANG_WARN_OBJC_ROOT_CLASS = YES_ERROR;
				CLANG_WARN_RANGE_LOOP_ANALYSIS = YES;
				CLANG_WARN_STRICT_PROTOTYPES = YES;
				CLANG_WARN_SUSPICIOUS_MOVE = YES;
				CLANG_WARN_UNGUARDED_AVAILABILITY = YES_AGGRESSIVE;
				CLANG_WARN_UNREACHABLE_CODE = YES;
				CLANG_WARN__DUPLICATE_METHOD_MATCH = YES;
				CODE_SIGN_IDENTITY = "iPhone Developer";
				COPY_PHASE_STRIP = NO;
				DEBUG_INFORMATION_FORMAT = dwarf;
				ENABLE_STRICT_OBJC_MSGSEND = YES;
				ENABLE_TESTABILITY = YES;
				GCC_C_LANGUAGE_STANDARD = gnu11;
				GCC_DYNAMIC_NO_PIC = NO;
				GCC_NO_COMMON_BLOCKS = YES;
				GCC_OPTIMIZATION_LEVEL = 0;
				GCC_PREPROCESSOR_DEFINITIONS = (
					"DEBUG=1",
					"$(inherited)",
				);
				GCC_WARN_64_TO_32_BIT_CONVERSION = YES;
				GCC_WARN_ABOUT_RETURN_TYPE = YES_ERROR;
				GCC_WARN_UNDECLARED_SELECTOR = YES;
				GCC_WARN_UNINITIALIZED_AUTOS = YES_AGGRESSIVE;
				GCC_WARN_UNUSED_FUNCTION = YES;
				GCC_WARN_UNUSED_VARIABLE = YES;
				IPHONEOS_DEPLOYMENT_TARGET = 12.2;
				MTL_ENABLE_DEBUG_INFO = INCLUDE_SOURCE;
				MTL_FAST_MATH = YES;
				ONLY_ACTIVE_ARCH = YES;
				SDKROOT = iphoneos;
				SWIFT_ACTIVE_COMPILATION_CONDITIONS = DEBUG;
				SWIFT_OPTIMIZATION_LEVEL = "-Onone";
			};
			name = Debug;
		};
		0B1F67F927609EBE00F2832A /* Release */ = {
			isa = XCBuildConfiguration;
			buildSettings = {
				ALWAYS_SEARCH_USER_PATHS = NO;
				CLANG_ANALYZER_NONNULL = YES;
				CLANG_ANALYZER_NUMBER_OBJECT_CONVERSION = YES_AGGRESSIVE;
				CLANG_CXX_LANGUAGE_STANDARD = "gnu++14";
				CLANG_CXX_LIBRARY = "libc++";
				CLANG_ENABLE_MODULES = YES;
				CLANG_ENABLE_OBJC_ARC = YES;
				CLANG_ENABLE_OBJC_WEAK = YES;
				CLANG_WARN_BLOCK_CAPTURE_AUTORELEASING = YES;
				CLANG_WARN_BOOL_CONVERSION = YES;
				CLANG_WARN_COMMA = YES;
				CLANG_WARN_CONSTANT_CONVERSION = YES;
				CLANG_WARN_DEPRECATED_OBJC_IMPLEMENTATIONS = YES;
				CLANG_WARN_DIRECT_OBJC_ISA_USAGE = YES_ERROR;
				CLANG_WARN_DOCUMENTATION_COMMENTS = YES;
				CLANG_WARN_EMPTY_BODY = YES;
				CLANG_WARN_ENUM_CONVERSION = YES;
				CLANG_WARN_INFINITE_RECURSION = YES;
				CLANG_WARN_INT_CONVERSION = YES;
				CLANG_WARN_NON_LITERAL_NULL_CONVERSION = YES;
				CLANG_WARN_OBJC_IMPLICIT_RETAIN_SELF = YES;
				CLANG_WARN_OBJC_LITERAL_CONVERSION = YES;
				CLANG_WARN_OBJC_ROOT_CLASS = YES_ERROR;
				CLANG_WARN_RANGE_LOOP_ANALYSIS = YES;
				CLANG_WARN_STRICT_PROTOTYPES = YES;
				CLANG_WARN_SUSPICIOUS_MOVE = YES;
				CLANG_WARN_UNGUARDED_AVAILABILITY = YES_AGGRESSIVE;
				CLANG_WARN_UNREACHABLE_CODE = YES;
				CLANG_WARN__DUPLICATE_METHOD_MATCH = YES;
				CODE_SIGN_IDENTITY = "iPhone Developer";
				COPY_PHASE_STRIP = NO;
				DEBUG_INFORMATION_FORMAT = "dwarf-with-dsym";
				ENABLE_NS_ASSERTIONS = NO;
				ENABLE_STRICT_OBJC_MSGSEND = YES;
				GCC_C_LANGUAGE_STANDARD = gnu11;
				GCC_NO_COMMON_BLOCKS = YES;
				GCC_WARN_64_TO_32_BIT_CONVERSION = YES;
				GCC_WARN_ABOUT_RETURN_TYPE = YES_ERROR;
				GCC_WARN_UNDECLARED_SELECTOR = YES;
				GCC_WARN_UNINITIALIZED_AUTOS = YES_AGGRESSIVE;
				GCC_WARN_UNUSED_FUNCTION = YES;
				GCC_WARN_UNUSED_VARIABLE = YES;
				IPHONEOS_DEPLOYMENT_TARGET = 12.2;
				MTL_ENABLE_DEBUG_INFO = NO;
				MTL_FAST_MATH = YES;
				SDKROOT = iphoneos;
				SWIFT_COMPILATION_MODE = wholemodule;
				SWIFT_OPTIMIZATION_LEVEL = "-O";
				VALIDATE_PRODUCT = YES;
			};
			name = Release;
		};
		0B1F67FB27609EBE00F2832A /* Debug */ = {
			isa = XCBuildConfiguration;
			buildSettings = {
				ASSETCATALOG_COMPILER_APPICON_NAME = AppIcon;
				CODE_SIGN_STYLE = Automatic;
				INFOPLIST_FILE = AllUIControlsDemo/Info.plist;
				LD_RUNPATH_SEARCH_PATHS = (
					"$(inherited)",
					"@executable_path/Frameworks",
				);
				PRODUCT_BUNDLE_IDENTIFIER = in.ac.vnsgu.dcs.AllUIControlsDemo;
				PRODUCT_NAME = "$(TARGET_NAME)";
				SWIFT_VERSION = 5.0;
				TARGETED_DEVICE_FAMILY = "1,2";
			};
			name = Debug;
		};
		0B1F67FC27609EBE00F2832A /* Release */ = {
			isa = XCBuildConfiguration;
			buildSettings = {
				ASSETCATALOG_COMPILER_APPICON_NAME = AppIcon;
				CODE_SIGN_STYLE = Automatic;
				INFOPLIST_FILE = AllUIControlsDemo/Info.plist;
				LD_RUNPATH_SEARCH_PATHS = (
					"$(inherited)",
					"@executable_path/Frameworks",
				);
				PRODUCT_BUNDLE_IDENTIFIER = in.ac.vnsgu.dcs.AllUIControlsDemo;
				PRODUCT_NAME = "$(TARGET_NAME)";
				SWIFT_VERSION = 5.0;
				TARGETED_DEVICE_FAMILY = "1,2";
			};
			name = Release;
		};
/* End XCBuildConfiguration section */

/* Begin XCConfigurationList section */
		0B1F67E327609EBD00F2832A /* Build configuration list for PBXProject "AllUIControlsDemo" */ = {
			isa = XCConfigurationList;
			buildConfigurations = (
				0B1F67F827609EBE00F2832A /* Debug */,
				0B1F67F927609EBE00F2832A /* Release */,
			);
			defaultConfigurationIsVisible = 0;
			defaultConfigurationName = Release;
		};
		0B1F67FA27609EBE00F2832A /* Build configuration list for PBXNativeTarget "AllUIControlsDemo" */ = {
			isa = XCConfigurationList;
			buildConfigurations = (
				0B1F67FB27609EBE00F2832A /* Debug */,
				0B1F67FC27609EBE00F2832A /* Release */,
			);
			defaultConfigurationIsVisible = 0;
			defaultConfigurationName = Release;
		};
/* End XCConfigurationList section */
	};
	rootObject = 0B1F67E027609EBD00F2832A /* Project object */;
}
